
Microsoft Visual Studio Solution File, Format Version 12.00
# Visual Studio 15
VisualStudioVersion = 15.0.28307.271
MinimumVisualStudioVersion = 10.0.40219.1
Project("{9A19103F-16F7-4668-BE54-9A1E7A4F7556}") = "SyntacticalAnalyzer", "SyntacticalAnalyzer\SyntacticalAnalyzer.csproj", "{3B38FBC9-8EF4-4E25-9757-D9215B9AFB0E}"
EndProject
Project("{9A19103F-16F7-4668-BE54-9A1E7A4F7556}") = "Lekser", "Lekser\Lekser.csproj", "{3238DD6C-EAF8-4D34-B581-145866840025}"
EndProject
Project("{9A19103F-16F7-4668-BE54-9A1E7A4F7556}") = "SyntacticalAnalyzerGenerator", "SyntacticalAnalyzerGenerator\SyntacticalAnalyzerGenerator.csproj", "{0F9AC274-C066-44FD-AF92-0069F827EFEA}"
EndProject
Project("{9A19103F-16F7-4668-BE54-9A1E7A4F7556}") = "GuideSetsDeterminant", "GuideSetsDeterminant\GuideSetsDeterminant.csproj", "{5A361E76-51C3-4B98-808C-9EF5CAE583A0}"
EndProject
Project("{FAE04EC0-301F-11D3-BF4B-00C04F79EFBC}") = "SLR", "SLR\SLR.csproj", "{C2FFC332-7D73-4DAF-846D-6D9048BDE647}"
EndProject
Global
	GlobalSection(SolutionConfigurationPlatforms) = preSolution
		Debug|Any CPU = Debug|Any CPU
		Release|Any CPU = Release|Any CPU
	EndGlobalSection
	GlobalSection(ProjectConfigurationPlatforms) = postSolution
		{3B38FBC9-8EF4-4E25-9757-D9215B9AFB0E}.Debug|Any CPU.ActiveCfg = Debug|Any CPU
		{3B38FBC9-8EF4-4E25-9757-D9215B9AFB0E}.Debug|Any CPU.Build.0 = Debug|Any CPU
		{3B38FBC9-8EF4-4E25-9757-D9215B9AFB0E}.Release|Any CPU.ActiveCfg = Release|Any CPU
		{3B38FBC9-8EF4-4E25-9757-D9215B9AFB0E}.Release|Any CPU.Build.0 = Release|Any CPU
		{3238DD6C-EAF8-4D34-B581-145866840025}.Debug|Any CPU.ActiveCfg = Debug|Any CPU
		{3238DD6C-EAF8-4D34-B581-145866840025}.Debug|Any CPU.Build.0 = Debug|Any CPU
		{3238DD6C-EAF8-4D34-B581-145866840025}.Release|Any CPU.ActiveCfg = Release|Any CPU
		{3238DD6C-EAF8-4D34-B581-145866840025}.Release|Any CPU.Build.0 = Release|Any CPU
		{0F9AC274-C066-44FD-AF92-0069F827EFEA}.Debug|Any CPU.ActiveCfg = Debug|Any CPU
		{0F9AC274-C066-44FD-AF92-0069F827EFEA}.Debug|Any CPU.Build.0 = Debug|Any CPU
		{0F9AC274-C066-44FD-AF92-0069F827EFEA}.Release|Any CPU.ActiveCfg = Release|Any CPU
		{0F9AC274-C066-44FD-AF92-0069F827EFEA}.Release|Any CPU.Build.0 = Release|Any CPU
		{5A361E76-51C3-4B98-808C-9EF5CAE583A0}.Debug|Any CPU.ActiveCfg = Debug|Any CPU
		{5A361E76-51C3-4B98-808C-9EF5CAE583A0}.Debug|Any CPU.Build.0 = Debug|Any CPU
		{5A361E76-51C3-4B98-808C-9EF5CAE583A0}.Release|Any CPU.ActiveCfg = Release|Any CPU
		{5A361E76-51C3-4B98-808C-9EF5CAE583A0}.Release|Any CPU.Build.0 = Release|Any CPU
		{C2FFC332-7D73-4DAF-846D-6D9048BDE647}.Debug|Any CPU.ActiveCfg = Debug|Any CPU
		{C2FFC332-7D73-4DAF-846D-6D9048BDE647}.Debug|Any CPU.Build.0 = Debug|Any CPU
		{C2FFC332-7D73-4DAF-846D-6D9048BDE647}.Release|Any CPU.ActiveCfg = Release|Any CPU
		{C2FFC332-7D73-4DAF-846D-6D9048BDE647}.Release|Any CPU.Build.0 = Release|Any CPU
	EndGlobalSection
	GlobalSection(SolutionProperties) = preSolution
		HideSolutionNode = FALSE
	EndGlobalSection
	GlobalSection(ExtensibilityGlobals) = postSolution
		SolutionGuid = {6458BC48-0ED1-42A8-8293-4C66EAA15118}
	EndGlobalSection
EndGlobal
